{
  "name": "watchModule",
  "version": "1.0.0",
  "lockfileVersion": 1,
  "requires": true,
  "dependencies": {
    "up2require": {
      "version": "1.1.2",
      "resolved": "https://registry.npmjs.org/up2require/-/up2require-1.1.2.tgz",
      "integrity": "sha512-ko8nuLNjOd7h948SqCj6+v4qPdSwl6fWOoN1uovujHF40ary0P9z/j7peF94/Nnymo/KwSAlqbDAD9p+vwM+fQ=="
    }
  }
}
